
Microsoft Visual Studio Solution File, Format Version 12.00
# Visual Studio Version 16
VisualStudioVersion = 16.0.31321.278
MinimumVisualStudioVersion = 10.0.40219.1
Project("{9A19103F-16F7-4668-BE54-9A1E7A4F7556}") = "ObserverProject", "MyProject\ObserverProject.csproj", "{00C0D86D-3691-49B4-BC04-DEF65CFF5F40}"
EndProject
Project("{FAE04EC0-301F-11D3-BF4B-00C04F79EFBC}") = "Logger", "Logger\Logger.csproj", "{3AFEB5EC-B2EA-4864-94FD-711B485DB0B6}"
EndProject
Project("{FAE04EC0-301F-11D3-BF4B-00C04F79EFBC}") = "Observers", "Observers\Observers.csproj", "{7717BBA8-C539-4873-B327-946E201A31EE}"
EndProject
Project("{FAE04EC0-301F-11D3-BF4B-00C04F79EFBC}") = "PublisherSubscriberProject", "PublisherSubscriberProject\PublisherSubscriberProject.csproj", "{17B7BA6E-2EEE-4767-938F-10BF66789312}"
EndProject
Global
	GlobalSection(SolutionConfigurationPlatforms) = preSolution
		Debug|Any CPU = Debug|Any CPU
		Release|Any CPU = Release|Any CPU
	EndGlobalSection
	GlobalSection(ProjectConfigurationPlatforms) = postSolution
		{00C0D86D-3691-49B4-BC04-DEF65CFF5F40}.Debug|Any CPU.ActiveCfg = Debug|Any CPU
		{00C0D86D-3691-49B4-BC04-DEF65CFF5F40}.Debug|Any CPU.Build.0 = Debug|Any CPU
		{00C0D86D-3691-49B4-BC04-DEF65CFF5F40}.Release|Any CPU.ActiveCfg = Release|Any CPU
		{00C0D86D-3691-49B4-BC04-DEF65CFF5F40}.Release|Any CPU.Build.0 = Release|Any CPU
		{3AFEB5EC-B2EA-4864-94FD-711B485DB0B6}.Debug|Any CPU.ActiveCfg = Debug|Any CPU
		{3AFEB5EC-B2EA-4864-94FD-711B485DB0B6}.Debug|Any CPU.Build.0 = Debug|Any CPU
		{3AFEB5EC-B2EA-4864-94FD-711B485DB0B6}.Release|Any CPU.ActiveCfg = Release|Any CPU
		{3AFEB5EC-B2EA-4864-94FD-711B485DB0B6}.Release|Any CPU.Build.0 = Release|Any CPU
		{7717BBA8-C539-4873-B327-946E201A31EE}.Debug|Any CPU.ActiveCfg = Debug|Any CPU
		{7717BBA8-C539-4873-B327-946E201A31EE}.Debug|Any CPU.Build.0 = Debug|Any CPU
		{7717BBA8-C539-4873-B327-946E201A31EE}.Release|Any CPU.ActiveCfg = Release|Any CPU
		{7717BBA8-C539-4873-B327-946E201A31EE}.Release|Any CPU.Build.0 = Release|Any CPU
		{17B7BA6E-2EEE-4767-938F-10BF66789312}.Debug|Any CPU.ActiveCfg = Debug|Any CPU
		{17B7BA6E-2EEE-4767-938F-10BF66789312}.Debug|Any CPU.Build.0 = Debug|Any CPU
		{17B7BA6E-2EEE-4767-938F-10BF66789312}.Release|Any CPU.ActiveCfg = Release|Any CPU
		{17B7BA6E-2EEE-4767-938F-10BF66789312}.Release|Any CPU.Build.0 = Release|Any CPU
	EndGlobalSection
	GlobalSection(SolutionProperties) = preSolution
		HideSolutionNode = FALSE
	EndGlobalSection
	GlobalSection(ExtensibilityGlobals) = postSolution
		SolutionGuid = {55FC4961-1643-41D6-AEC4-8645AC528208}
	EndGlobalSection
EndGlobal
