
Microsoft Visual Studio Solution File, Format Version 12.00
# Visual Studio Version 16
VisualStudioVersion = 16.0.31321.278
MinimumVisualStudioVersion = 10.0.40219.1
Project("{9A19103F-16F7-4668-BE54-9A1E7A4F7556}") = "Mediator", "Mediator\Mediator.csproj", "{29599089-30BC-4C67-A663-C05500E18B07}"
EndProject
Project("{FAE04EC0-301F-11D3-BF4B-00C04F79EFBC}") = "Bridge", "Bridge\Bridge.csproj", "{DC0BEC78-1937-44D9-87B0-0F7D061193EA}"
EndProject
Global
	GlobalSection(SolutionConfigurationPlatforms) = preSolution
		Debug|Any CPU = Debug|Any CPU
		Release|Any CPU = Release|Any CPU
	EndGlobalSection
	GlobalSection(ProjectConfigurationPlatforms) = postSolution
		{29599089-30BC-4C67-A663-C05500E18B07}.Debug|Any CPU.ActiveCfg = Debug|Any CPU
		{29599089-30BC-4C67-A663-C05500E18B07}.Debug|Any CPU.Build.0 = Debug|Any CPU
		{29599089-30BC-4C67-A663-C05500E18B07}.Release|Any CPU.ActiveCfg = Release|Any CPU
		{29599089-30BC-4C67-A663-C05500E18B07}.Release|Any CPU.Build.0 = Release|Any CPU
		{DC0BEC78-1937-44D9-87B0-0F7D061193EA}.Debug|Any CPU.ActiveCfg = Debug|Any CPU
		{DC0BEC78-1937-44D9-87B0-0F7D061193EA}.Debug|Any CPU.Build.0 = Debug|Any CPU
		{DC0BEC78-1937-44D9-87B0-0F7D061193EA}.Release|Any CPU.ActiveCfg = Release|Any CPU
		{DC0BEC78-1937-44D9-87B0-0F7D061193EA}.Release|Any CPU.Build.0 = Release|Any CPU
	EndGlobalSection
	GlobalSection(SolutionProperties) = preSolution
		HideSolutionNode = FALSE
	EndGlobalSection
	GlobalSection(ExtensibilityGlobals) = postSolution
		SolutionGuid = {1A560F4F-955A-41ED-AD06-417892F88679}
	EndGlobalSection
EndGlobal
