
Microsoft Visual Studio Solution File, Format Version 12.00
# Visual Studio Version 16
VisualStudioVersion = 16.0.31410.357
MinimumVisualStudioVersion = 10.0.40219.1
Project("{FAE04EC0-301F-11D3-BF4B-00C04F79EFBC}") = "MyProject", "MyProject\MyProject.csproj", "{CD660988-8A09-4744-B832-B21BE990781F}"
EndProject
Global
	GlobalSection(SolutionConfigurationPlatforms) = preSolution
		Debug|Any CPU = Debug|Any CPU
		Release|Any CPU = Release|Any CPU
	EndGlobalSection
	GlobalSection(ProjectConfigurationPlatforms) = postSolution
		{CD660988-8A09-4744-B832-B21BE990781F}.Debug|Any CPU.ActiveCfg = Debug|Any CPU
		{CD660988-8A09-4744-B832-B21BE990781F}.Debug|Any CPU.Build.0 = Debug|Any CPU
		{CD660988-8A09-4744-B832-B21BE990781F}.Release|Any CPU.ActiveCfg = Release|Any CPU
		{CD660988-8A09-4744-B832-B21BE990781F}.Release|Any CPU.Build.0 = Release|Any CPU
	EndGlobalSection
	GlobalSection(SolutionProperties) = preSolution
		HideSolutionNode = FALSE
	EndGlobalSection
	GlobalSection(ExtensibilityGlobals) = postSolution
		SolutionGuid = {B92E5EF3-119C-4AA0-9C31-F156E235A53F}
	EndGlobalSection
EndGlobal
