
Microsoft Visual Studio Solution File, Format Version 12.00
# Visual Studio Version 16
VisualStudioVersion = 16.0.31205.134
MinimumVisualStudioVersion = 10.0.40219.1
Project("{FAE04EC0-301F-11D3-BF4B-00C04F79EFBC}") = "MyProject", "MyProject\MyProject.csproj", "{BC8569CA-8B58-4952-A20C-58D6BE0B53DD}"
EndProject
Global
	GlobalSection(SolutionConfigurationPlatforms) = preSolution
		Debug|Any CPU = Debug|Any CPU
		Release|Any CPU = Release|Any CPU
	EndGlobalSection
	GlobalSection(ProjectConfigurationPlatforms) = postSolution
		{BC8569CA-8B58-4952-A20C-58D6BE0B53DD}.Debug|Any CPU.ActiveCfg = Debug|Any CPU
		{BC8569CA-8B58-4952-A20C-58D6BE0B53DD}.Debug|Any CPU.Build.0 = Debug|Any CPU
		{BC8569CA-8B58-4952-A20C-58D6BE0B53DD}.Release|Any CPU.ActiveCfg = Release|Any CPU
		{BC8569CA-8B58-4952-A20C-58D6BE0B53DD}.Release|Any CPU.Build.0 = Release|Any CPU
	EndGlobalSection
	GlobalSection(SolutionProperties) = preSolution
		HideSolutionNode = FALSE
	EndGlobalSection
	GlobalSection(ExtensibilityGlobals) = postSolution
		SolutionGuid = {9ECDB4AF-572C-4C7D-82EF-4D24B2E0E9B5}
	EndGlobalSection
EndGlobal
