
Microsoft Visual Studio Solution File, Format Version 12.00
# Visual Studio Version 16
VisualStudioVersion = 16.0.31424.327
MinimumVisualStudioVersion = 10.0.40219.1
Project("{FAE04EC0-301F-11D3-BF4B-00C04F79EFBC}") = "Books.Api", "MyProject.Api\Books.Api.csproj", "{A4DA920C-EA6E-4922-8D13-BD51C4D25584}"
EndProject
Global
	GlobalSection(SolutionConfigurationPlatforms) = preSolution
		Debug|Any CPU = Debug|Any CPU
		Release|Any CPU = Release|Any CPU
	EndGlobalSection
	GlobalSection(ProjectConfigurationPlatforms) = postSolution
		{A4DA920C-EA6E-4922-8D13-BD51C4D25584}.Debug|Any CPU.ActiveCfg = Debug|Any CPU
		{A4DA920C-EA6E-4922-8D13-BD51C4D25584}.Debug|Any CPU.Build.0 = Debug|Any CPU
		{A4DA920C-EA6E-4922-8D13-BD51C4D25584}.Release|Any CPU.ActiveCfg = Release|Any CPU
		{A4DA920C-EA6E-4922-8D13-BD51C4D25584}.Release|Any CPU.Build.0 = Release|Any CPU
	EndGlobalSection
	GlobalSection(SolutionProperties) = preSolution
		HideSolutionNode = FALSE
	EndGlobalSection
	GlobalSection(ExtensibilityGlobals) = postSolution
		SolutionGuid = {6CDF21F7-E334-4085-B48F-3EB3CA3FAC9E}
	EndGlobalSection
EndGlobal
