
Microsoft Visual Studio Solution File, Format Version 12.00
# Visual Studio Version 16
VisualStudioVersion = 16.0.31424.327
MinimumVisualStudioVersion = 10.0.40219.1
Project("{FAE04EC0-301F-11D3-BF4B-00C04F79EFBC}") = "MyProject", "MyProject\MyProject.csproj", "{2C1C76E5-50C9-4667-A45E-A1F56A227E23}"
EndProject
Global
	GlobalSection(SolutionConfigurationPlatforms) = preSolution
		Debug|Any CPU = Debug|Any CPU
		Release|Any CPU = Release|Any CPU
	EndGlobalSection
	GlobalSection(ProjectConfigurationPlatforms) = postSolution
		{2C1C76E5-50C9-4667-A45E-A1F56A227E23}.Debug|Any CPU.ActiveCfg = Debug|Any CPU
		{2C1C76E5-50C9-4667-A45E-A1F56A227E23}.Debug|Any CPU.Build.0 = Debug|Any CPU
		{2C1C76E5-50C9-4667-A45E-A1F56A227E23}.Release|Any CPU.ActiveCfg = Release|Any CPU
		{2C1C76E5-50C9-4667-A45E-A1F56A227E23}.Release|Any CPU.Build.0 = Release|Any CPU
	EndGlobalSection
	GlobalSection(SolutionProperties) = preSolution
		HideSolutionNode = FALSE
	EndGlobalSection
	GlobalSection(ExtensibilityGlobals) = postSolution
		SolutionGuid = {C14DD134-2816-48FA-A9D2-D7BE2D38E577}
	EndGlobalSection
EndGlobal
